
Microsoft Visual Studio Solution File, Format Version 12.00
# Visual Studio Version 17
VisualStudioVersion = 17.10.34928.147
MinimumVisualStudioVersion = 10.0.40219.1
Project("{FAE04EC0-301F-11D3-BF4B-00C04F79EFBC}") = "WeatherApp", "WeatherApp\WeatherApp.csproj", "{697EA7AA-DBE3-4315-8CCC-82ACB3B837A2}"
EndProject
Project("{FAE04EC0-301F-11D3-BF4B-00C04F79EFBC}") = "AdapterPattern", "AdapterPattern\AdapterPattern.csproj", "{2FAD1FA2-CBCB-42E9-99BD-BE19693DC777}"
EndProject
Project("{FAE04EC0-301F-11D3-BF4B-00C04F79EFBC}") = "DecoratorPattern", "DecoratorPattern\DecoratorPattern.csproj", "{6857E73F-FB88-497D-873D-DDDF6A1C2112}"
EndProject
Project("{FAE04EC0-301F-11D3-BF4B-00C04F79EFBC}") = "DecoratorPatern.Tests", "DecoratorPatern.Tests\DecoratorPatern.Tests.csproj", "{881A5D06-398B-41D8-B1FD-5BD0AFBA9EB3}"
EndProject
Global
	GlobalSection(SolutionConfigurationPlatforms) = preSolution
		Debug|Any CPU = Debug|Any CPU
		Release|Any CPU = Release|Any CPU
	EndGlobalSection
	GlobalSection(ProjectConfigurationPlatforms) = postSolution
		{697EA7AA-DBE3-4315-8CCC-82ACB3B837A2}.Debug|Any CPU.ActiveCfg = Debug|Any CPU
		{697EA7AA-DBE3-4315-8CCC-82ACB3B837A2}.Debug|Any CPU.Build.0 = Debug|Any CPU
		{697EA7AA-DBE3-4315-8CCC-82ACB3B837A2}.Release|Any CPU.ActiveCfg = Release|Any CPU
		{697EA7AA-DBE3-4315-8CCC-82ACB3B837A2}.Release|Any CPU.Build.0 = Release|Any CPU
		{2FAD1FA2-CBCB-42E9-99BD-BE19693DC777}.Debug|Any CPU.ActiveCfg = Debug|Any CPU
		{2FAD1FA2-CBCB-42E9-99BD-BE19693DC777}.Debug|Any CPU.Build.0 = Debug|Any CPU
		{2FAD1FA2-CBCB-42E9-99BD-BE19693DC777}.Release|Any CPU.ActiveCfg = Release|Any CPU
		{2FAD1FA2-CBCB-42E9-99BD-BE19693DC777}.Release|Any CPU.Build.0 = Release|Any CPU
		{6857E73F-FB88-497D-873D-DDDF6A1C2112}.Debug|Any CPU.ActiveCfg = Debug|Any CPU
		{6857E73F-FB88-497D-873D-DDDF6A1C2112}.Debug|Any CPU.Build.0 = Debug|Any CPU
		{6857E73F-FB88-497D-873D-DDDF6A1C2112}.Release|Any CPU.ActiveCfg = Release|Any CPU
		{6857E73F-FB88-497D-873D-DDDF6A1C2112}.Release|Any CPU.Build.0 = Release|Any CPU
		{881A5D06-398B-41D8-B1FD-5BD0AFBA9EB3}.Debug|Any CPU.ActiveCfg = Debug|Any CPU
		{881A5D06-398B-41D8-B1FD-5BD0AFBA9EB3}.Debug|Any CPU.Build.0 = Debug|Any CPU
		{881A5D06-398B-41D8-B1FD-5BD0AFBA9EB3}.Release|Any CPU.ActiveCfg = Release|Any CPU
		{881A5D06-398B-41D8-B1FD-5BD0AFBA9EB3}.Release|Any CPU.Build.0 = Release|Any CPU
	EndGlobalSection
	GlobalSection(SolutionProperties) = preSolution
		HideSolutionNode = FALSE
	EndGlobalSection
	GlobalSection(ExtensibilityGlobals) = postSolution
		SolutionGuid = {05C5686C-E784-40F3-A821-1A0FCE9E1353}
	EndGlobalSection
EndGlobal
