
Microsoft Visual Studio Solution File, Format Version 12.00
# Visual Studio Version 17
VisualStudioVersion = 17.10.34928.147
MinimumVisualStudioVersion = 10.0.40219.1
Project("{9A19103F-16F7-4668-BE54-9A1E7A4F7556}") = "WeatherApp", "WeatherApp\WeatherApp.csproj", "{697EA7AA-DBE3-4315-8CCC-82ACB3B837A2}"
EndProject
Project("{9A19103F-16F7-4668-BE54-9A1E7A4F7556}") = "AdapterPattern", "AdapterPattern\AdapterPattern.csproj", "{2FAD1FA2-CBCB-42E9-99BD-BE19693DC777}"
EndProject
Project("{9A19103F-16F7-4668-BE54-9A1E7A4F7556}") = "DecoratorPattern", "DecoratorPattern\DecoratorPattern.csproj", "{6857E73F-FB88-497D-873D-DDDF6A1C2112}"
EndProject
Project("{9A19103F-16F7-4668-BE54-9A1E7A4F7556}") = "DecoratorPatern.Tests", "DecoratorPatern.Tests\DecoratorPatern.Tests.csproj", "{881A5D06-398B-41D8-B1FD-5BD0AFBA9EB3}"
EndProject
Project("{9A19103F-16F7-4668-BE54-9A1E7A4F7556}") = "FactoryPattern", "FactoryPattern\FactoryPattern.csproj", "{10804EA4-E2AA-494B-95DF-57C0C1811933}"
EndProject
Project("{9A19103F-16F7-4668-BE54-9A1E7A4F7556}") = "FactoryPatternTests", "FactoryPatternTests\FactoryPatternTests.csproj", "{9397C002-4C84-42D2-8935-1ABAED76691E}"
EndProject
Project("{FAE04EC0-301F-11D3-BF4B-00C04F79EFBC}") = "SingletonPattern", "SingletonPattern\SingletonPattern.csproj", "{F55B5A3B-0E06-4497-B06A-45BDB4493697}"
EndProject
Project("{FAE04EC0-301F-11D3-BF4B-00C04F79EFBC}") = "SingletonPatternTests", "SingletonPatternTests\SingletonPatternTests.csproj", "{0BE52872-E63D-4745-8EF1-4EFE73AB57A5}"
EndProject
Project("{FAE04EC0-301F-11D3-BF4B-00C04F79EFBC}") = "WebApplication1", "WebApplication1\WebApplication1.csproj", "{96758636-BEAF-45E1-BC37-2A2770EE53EE}"
EndProject
Project("{FAE04EC0-301F-11D3-BF4B-00C04F79EFBC}") = "MarineApplication", "MarineApplication\MarineApplication.csproj", "{25E43079-A46D-41AA-96D1-D27134DE5583}"
EndProject
Project("{FAE04EC0-301F-11D3-BF4B-00C04F79EFBC}") = "FluentBuilderPattern", "FluentBuilderPattern\FluentBuilderPattern.csproj", "{D42C0BBB-A36F-48DF-8440-7C6486B0ABEB}"
EndProject
Global
	GlobalSection(SolutionConfigurationPlatforms) = preSolution
		Debug|Any CPU = Debug|Any CPU
		Release|Any CPU = Release|Any CPU
	EndGlobalSection
	GlobalSection(ProjectConfigurationPlatforms) = postSolution
		{697EA7AA-DBE3-4315-8CCC-82ACB3B837A2}.Debug|Any CPU.ActiveCfg = Debug|Any CPU
		{697EA7AA-DBE3-4315-8CCC-82ACB3B837A2}.Debug|Any CPU.Build.0 = Debug|Any CPU
		{697EA7AA-DBE3-4315-8CCC-82ACB3B837A2}.Release|Any CPU.ActiveCfg = Release|Any CPU
		{697EA7AA-DBE3-4315-8CCC-82ACB3B837A2}.Release|Any CPU.Build.0 = Release|Any CPU
		{2FAD1FA2-CBCB-42E9-99BD-BE19693DC777}.Debug|Any CPU.ActiveCfg = Debug|Any CPU
		{2FAD1FA2-CBCB-42E9-99BD-BE19693DC777}.Debug|Any CPU.Build.0 = Debug|Any CPU
		{2FAD1FA2-CBCB-42E9-99BD-BE19693DC777}.Release|Any CPU.ActiveCfg = Release|Any CPU
		{2FAD1FA2-CBCB-42E9-99BD-BE19693DC777}.Release|Any CPU.Build.0 = Release|Any CPU
		{6857E73F-FB88-497D-873D-DDDF6A1C2112}.Debug|Any CPU.ActiveCfg = Debug|Any CPU
		{6857E73F-FB88-497D-873D-DDDF6A1C2112}.Debug|Any CPU.Build.0 = Debug|Any CPU
		{6857E73F-FB88-497D-873D-DDDF6A1C2112}.Release|Any CPU.ActiveCfg = Release|Any CPU
		{6857E73F-FB88-497D-873D-DDDF6A1C2112}.Release|Any CPU.Build.0 = Release|Any CPU
		{881A5D06-398B-41D8-B1FD-5BD0AFBA9EB3}.Debug|Any CPU.ActiveCfg = Debug|Any CPU
		{881A5D06-398B-41D8-B1FD-5BD0AFBA9EB3}.Debug|Any CPU.Build.0 = Debug|Any CPU
		{881A5D06-398B-41D8-B1FD-5BD0AFBA9EB3}.Release|Any CPU.ActiveCfg = Release|Any CPU
		{881A5D06-398B-41D8-B1FD-5BD0AFBA9EB3}.Release|Any CPU.Build.0 = Release|Any CPU
		{10804EA4-E2AA-494B-95DF-57C0C1811933}.Debug|Any CPU.ActiveCfg = Debug|Any CPU
		{10804EA4-E2AA-494B-95DF-57C0C1811933}.Debug|Any CPU.Build.0 = Debug|Any CPU
		{10804EA4-E2AA-494B-95DF-57C0C1811933}.Release|Any CPU.ActiveCfg = Release|Any CPU
		{10804EA4-E2AA-494B-95DF-57C0C1811933}.Release|Any CPU.Build.0 = Release|Any CPU
		{9397C002-4C84-42D2-8935-1ABAED76691E}.Debug|Any CPU.ActiveCfg = Debug|Any CPU
		{9397C002-4C84-42D2-8935-1ABAED76691E}.Debug|Any CPU.Build.0 = Debug|Any CPU
		{9397C002-4C84-42D2-8935-1ABAED76691E}.Release|Any CPU.ActiveCfg = Release|Any CPU
		{9397C002-4C84-42D2-8935-1ABAED76691E}.Release|Any CPU.Build.0 = Release|Any CPU
		{F55B5A3B-0E06-4497-B06A-45BDB4493697}.Debug|Any CPU.ActiveCfg = Debug|Any CPU
		{F55B5A3B-0E06-4497-B06A-45BDB4493697}.Debug|Any CPU.Build.0 = Debug|Any CPU
		{F55B5A3B-0E06-4497-B06A-45BDB4493697}.Release|Any CPU.ActiveCfg = Release|Any CPU
		{F55B5A3B-0E06-4497-B06A-45BDB4493697}.Release|Any CPU.Build.0 = Release|Any CPU
		{0BE52872-E63D-4745-8EF1-4EFE73AB57A5}.Debug|Any CPU.ActiveCfg = Debug|Any CPU
		{0BE52872-E63D-4745-8EF1-4EFE73AB57A5}.Debug|Any CPU.Build.0 = Debug|Any CPU
		{0BE52872-E63D-4745-8EF1-4EFE73AB57A5}.Release|Any CPU.ActiveCfg = Release|Any CPU
		{0BE52872-E63D-4745-8EF1-4EFE73AB57A5}.Release|Any CPU.Build.0 = Release|Any CPU
		{96758636-BEAF-45E1-BC37-2A2770EE53EE}.Debug|Any CPU.ActiveCfg = Debug|Any CPU
		{96758636-BEAF-45E1-BC37-2A2770EE53EE}.Debug|Any CPU.Build.0 = Debug|Any CPU
		{96758636-BEAF-45E1-BC37-2A2770EE53EE}.Release|Any CPU.ActiveCfg = Release|Any CPU
		{96758636-BEAF-45E1-BC37-2A2770EE53EE}.Release|Any CPU.Build.0 = Release|Any CPU
		{25E43079-A46D-41AA-96D1-D27134DE5583}.Debug|Any CPU.ActiveCfg = Debug|Any CPU
		{25E43079-A46D-41AA-96D1-D27134DE5583}.Debug|Any CPU.Build.0 = Debug|Any CPU
		{25E43079-A46D-41AA-96D1-D27134DE5583}.Release|Any CPU.ActiveCfg = Release|Any CPU
		{25E43079-A46D-41AA-96D1-D27134DE5583}.Release|Any CPU.Build.0 = Release|Any CPU
		{D42C0BBB-A36F-48DF-8440-7C6486B0ABEB}.Debug|Any CPU.ActiveCfg = Debug|Any CPU
		{D42C0BBB-A36F-48DF-8440-7C6486B0ABEB}.Debug|Any CPU.Build.0 = Debug|Any CPU
		{D42C0BBB-A36F-48DF-8440-7C6486B0ABEB}.Release|Any CPU.ActiveCfg = Release|Any CPU
		{D42C0BBB-A36F-48DF-8440-7C6486B0ABEB}.Release|Any CPU.Build.0 = Release|Any CPU
	EndGlobalSection
	GlobalSection(SolutionProperties) = preSolution
		HideSolutionNode = FALSE
	EndGlobalSection
	GlobalSection(ExtensibilityGlobals) = postSolution
		SolutionGuid = {05C5686C-E784-40F3-A821-1A0FCE9E1353}
	EndGlobalSection
EndGlobal
